
Microsoft Visual Studio Solution File, Format Version 12.00
# Visual Studio Version 17
VisualStudioVersion = 17.5.2.0
MinimumVisualStudioVersion = 10.0.40219.1
Project("{FAE04EC0-301F-11D3-BF4B-00C04F79EFBC}") = "parcial1", "parcial1.csproj", "{B7DEB2F5-4A02-2552-A9C6-B85787ED7EFC}"
EndProject
Project("{FAE04EC0-301F-11D3-BF4B-00C04F79EFBC}") = "parcial1ejer1", "..\parcial1ejer1\parcial1ejer1\parcial1ejer1.csproj", "{A71464D9-B46B-40AB-AC02-AF4288557319}"
EndProject
Global
	GlobalSection(SolutionConfigurationPlatforms) = preSolution
		Debug|Any CPU = Debug|Any CPU
		Debug|x64 = Debug|x64
		Debug|x86 = Debug|x86
		Release|Any CPU = Release|Any CPU
		Release|x64 = Release|x64
		Release|x86 = Release|x86
	EndGlobalSection
	GlobalSection(ProjectConfigurationPlatforms) = postSolution
		{B7DEB2F5-4A02-2552-A9C6-B85787ED7EFC}.Debug|Any CPU.ActiveCfg = Debug|Any CPU
		{B7DEB2F5-4A02-2552-A9C6-B85787ED7EFC}.Debug|Any CPU.Build.0 = Debug|Any CPU
		{B7DEB2F5-4A02-2552-A9C6-B85787ED7EFC}.Debug|x64.ActiveCfg = Debug|Any CPU
		{B7DEB2F5-4A02-2552-A9C6-B85787ED7EFC}.Debug|x64.Build.0 = Debug|Any CPU
		{B7DEB2F5-4A02-2552-A9C6-B85787ED7EFC}.Debug|x86.ActiveCfg = Debug|Any CPU
		{B7DEB2F5-4A02-2552-A9C6-B85787ED7EFC}.Debug|x86.Build.0 = Debug|Any CPU
		{B7DEB2F5-4A02-2552-A9C6-B85787ED7EFC}.Release|Any CPU.ActiveCfg = Release|Any CPU
		{B7DEB2F5-4A02-2552-A9C6-B85787ED7EFC}.Release|Any CPU.Build.0 = Release|Any CPU
		{B7DEB2F5-4A02-2552-A9C6-B85787ED7EFC}.Release|x64.ActiveCfg = Release|Any CPU
		{B7DEB2F5-4A02-2552-A9C6-B85787ED7EFC}.Release|x64.Build.0 = Release|Any CPU
		{B7DEB2F5-4A02-2552-A9C6-B85787ED7EFC}.Release|x86.ActiveCfg = Release|Any CPU
		{B7DEB2F5-4A02-2552-A9C6-B85787ED7EFC}.Release|x86.Build.0 = Release|Any CPU
		{A71464D9-B46B-40AB-AC02-AF4288557319}.Debug|Any CPU.ActiveCfg = Debug|Any CPU
		{A71464D9-B46B-40AB-AC02-AF4288557319}.Debug|Any CPU.Build.0 = Debug|Any CPU
		{A71464D9-B46B-40AB-AC02-AF4288557319}.Debug|x64.ActiveCfg = Debug|Any CPU
		{A71464D9-B46B-40AB-AC02-AF4288557319}.Debug|x64.Build.0 = Debug|Any CPU
		{A71464D9-B46B-40AB-AC02-AF4288557319}.Debug|x86.ActiveCfg = Debug|Any CPU
		{A71464D9-B46B-40AB-AC02-AF4288557319}.Debug|x86.Build.0 = Debug|Any CPU
		{A71464D9-B46B-40AB-AC02-AF4288557319}.Release|Any CPU.ActiveCfg = Release|Any CPU
		{A71464D9-B46B-40AB-AC02-AF4288557319}.Release|Any CPU.Build.0 = Release|Any CPU
		{A71464D9-B46B-40AB-AC02-AF4288557319}.Release|x64.ActiveCfg = Release|Any CPU
		{A71464D9-B46B-40AB-AC02-AF4288557319}.Release|x64.Build.0 = Release|Any CPU
		{A71464D9-B46B-40AB-AC02-AF4288557319}.Release|x86.ActiveCfg = Release|Any CPU
		{A71464D9-B46B-40AB-AC02-AF4288557319}.Release|x86.Build.0 = Release|Any CPU
	EndGlobalSection
	GlobalSection(SolutionProperties) = preSolution
		HideSolutionNode = FALSE
	EndGlobalSection
	GlobalSection(ExtensibilityGlobals) = postSolution
		SolutionGuid = {5DF2BE15-B911-4EA4-B86A-236E351EEFE1}
	EndGlobalSection
EndGlobal
